
Microsoft Visual Studio Solution File, Format Version 12.00
# Visual Studio Version 16
VisualStudioVersion = 16.0.29509.3
MinimumVisualStudioVersion = 10.0.40219.1
Project("{FAE04EC0-301F-11D3-BF4B-00C04F79EFBC}") = "фигуры", "фигуры\фигуры.csproj", "{2BE2FC7C-4EC9-46DE-AC64-59D848B4D540}"
EndProject
Global
	GlobalSection(SolutionConfigurationPlatforms) = preSolution
		Debug|Any CPU = Debug|Any CPU
		Release|Any CPU = Release|Any CPU
	EndGlobalSection
	GlobalSection(ProjectConfigurationPlatforms) = postSolution
		{2BE2FC7C-4EC9-46DE-AC64-59D848B4D540}.Debug|Any CPU.ActiveCfg = Debug|Any CPU
		{2BE2FC7C-4EC9-46DE-AC64-59D848B4D540}.Debug|Any CPU.Build.0 = Debug|Any CPU
		{2BE2FC7C-4EC9-46DE-AC64-59D848B4D540}.Release|Any CPU.ActiveCfg = Release|Any CPU
		{2BE2FC7C-4EC9-46DE-AC64-59D848B4D540}.Release|Any CPU.Build.0 = Release|Any CPU
	EndGlobalSection
	GlobalSection(SolutionProperties) = preSolution
		HideSolutionNode = FALSE
	EndGlobalSection
	GlobalSection(ExtensibilityGlobals) = postSolution
		SolutionGuid = {BDA340BA-7A3A-404D-9975-75B3811F0B18}
	EndGlobalSection
EndGlobal
