
Microsoft Visual Studio Solution File, Format Version 12.00
# Visual Studio Version 16
VisualStudioVersion = 16.0.29509.3
MinimumVisualStudioVersion = 10.0.40219.1
Project("{FAE04EC0-301F-11D3-BF4B-00C04F79EFBC}") = "практическая 2", "практическая 2\практическая 2.csproj", "{DADAB167-9CC2-4039-BD21-D25DADC75FA8}"
EndProject
Global
	GlobalSection(SolutionConfigurationPlatforms) = preSolution
		Debug|Any CPU = Debug|Any CPU
		Release|Any CPU = Release|Any CPU
	EndGlobalSection
	GlobalSection(ProjectConfigurationPlatforms) = postSolution
		{DADAB167-9CC2-4039-BD21-D25DADC75FA8}.Debug|Any CPU.ActiveCfg = Debug|Any CPU
		{DADAB167-9CC2-4039-BD21-D25DADC75FA8}.Debug|Any CPU.Build.0 = Debug|Any CPU
		{DADAB167-9CC2-4039-BD21-D25DADC75FA8}.Release|Any CPU.ActiveCfg = Release|Any CPU
		{DADAB167-9CC2-4039-BD21-D25DADC75FA8}.Release|Any CPU.Build.0 = Release|Any CPU
	EndGlobalSection
	GlobalSection(SolutionProperties) = preSolution
		HideSolutionNode = FALSE
	EndGlobalSection
	GlobalSection(ExtensibilityGlobals) = postSolution
		SolutionGuid = {E31106D2-B556-4779-B626-07BF691984DA}
	EndGlobalSection
EndGlobal
