
Microsoft Visual Studio Solution File, Format Version 12.00
# Visual Studio Version 16
VisualStudioVersion = 16.0.29509.3
MinimumVisualStudioVersion = 10.0.40219.1
Project("{FAE04EC0-301F-11D3-BF4B-00C04F79EFBC}") = "практическая 4", "практическая 4\практическая 4.csproj", "{B4C4F980-BC69-4636-8AC2-E2A6B5A07058}"
EndProject
Global
	GlobalSection(SolutionConfigurationPlatforms) = preSolution
		Debug|Any CPU = Debug|Any CPU
		Release|Any CPU = Release|Any CPU
	EndGlobalSection
	GlobalSection(ProjectConfigurationPlatforms) = postSolution
		{B4C4F980-BC69-4636-8AC2-E2A6B5A07058}.Debug|Any CPU.ActiveCfg = Debug|Any CPU
		{B4C4F980-BC69-4636-8AC2-E2A6B5A07058}.Debug|Any CPU.Build.0 = Debug|Any CPU
		{B4C4F980-BC69-4636-8AC2-E2A6B5A07058}.Release|Any CPU.ActiveCfg = Release|Any CPU
		{B4C4F980-BC69-4636-8AC2-E2A6B5A07058}.Release|Any CPU.Build.0 = Release|Any CPU
	EndGlobalSection
	GlobalSection(SolutionProperties) = preSolution
		HideSolutionNode = FALSE
	EndGlobalSection
	GlobalSection(ExtensibilityGlobals) = postSolution
		SolutionGuid = {BD75D473-2474-47F5-A725-8012C6CDBADD}
	EndGlobalSection
EndGlobal
